// !$*UTF8*$!
{
	archiveVersion = 1;
	classes = {
	};
	objectVersion = 77;
	objects = {

/* Begin PBXBuildFile section */
		D2476F3F2CFEE66100624A58 /* Assets.xcassets in Resources */ = {isa = PBXBuildFile; fileRef = D2476F282CFEC7F900624A58 /* Assets.xcassets */; };
		D2476F402CFEE66100624A58 /* Preview Assets.xcassets in Resources */ = {isa = PBXBuildFile; fileRef = D2476F292CFEC7F900624A58 /* Preview Assets.xcassets */; };
		D261D7552CFCD59B0031A784 /* HoseoHappyDormApp.swift in Sources */ = {isa = PBXBuildFile; fileRef = D261D74C2CFCD59B0031A784 /* HoseoHappyDormApp.swift */; };
		D261D7592CFCD5FC0031A784 /* SDWebImageSwiftUI in Frameworks */ = {isa = PBXBuildFile; productRef = D261D7582CFCD5FC0031A784 /* SDWebImageSwiftUI */; };
		D261D75C2CFCD60D0031A784 /* Mantis in Frameworks */ = {isa = PBXBuildFile; productRef = D261D75B2CFCD60D0031A784 /* Mantis */; };
		D261D7602CFCD7920031A784 /* SwiftSoup in Frameworks */ = {isa = PBXBuildFile; productRef = D261D75F2CFCD7920031A784 /* SwiftSoup */; };
		D2F3FEC32D7239A500D60EAF /* LaunchScreen.storyboard in Resources */ = {isa = PBXBuildFile; fileRef = D2F3FEC22D7239A500D60EAF /* LaunchScreen.storyboard */; };
		D2F3FEC52D723B0C00D60EAF /* SplashScreenView.swift in Sources */ = {isa = PBXBuildFile; fileRef = D2F3FEC42D723B0A00D60EAF /* SplashScreenView.swift */; };
		D2F3FEC72D723C0D00D60EAF /* ColorExtension.swift in Sources */ = {isa = PBXBuildFile; fileRef = D2F3FEC62D723C0000D60EAF /* ColorExtension.swift */; };
/* End PBXBuildFile section */

/* Begin PBXFileReference section */
		D2476F282CFEC7F900624A58 /* Assets.xcassets */ = {isa = PBXFileReference; lastKnownFileType = folder.assetcatalog; path = Assets.xcassets; sourceTree = "<group>"; };
		D2476F292CFEC7F900624A58 /* Preview Assets.xcassets */ = {isa = PBXFileReference; lastKnownFileType = folder.assetcatalog; path = "Preview Assets.xcassets"; sourceTree = "<group>"; };
		D261D71C2CFCD5360031A784 /* HoseoHappyDorm.app */ = {isa = PBXFileReference; explicitFileType = wrapper.application; includeInIndex = 0; path = HoseoHappyDorm.app; sourceTree = BUILT_PRODUCTS_DIR; };
		D261D74C2CFCD59B0031A784 /* HoseoHappyDormApp.swift */ = {isa = PBXFileReference; lastKnownFileType = sourcecode.swift; path = HoseoHappyDormApp.swift; sourceTree = "<group>"; };
		D261D7652CFCD9320031A784 /* Info.plist */ = {isa = PBXFileReference; lastKnownFileType = text.plist.xml; path = Info.plist; sourceTree = "<group>"; };
		D2F3FEC22D7239A500D60EAF /* LaunchScreen.storyboard */ = {isa = PBXFileReference; lastKnownFileType = file.storyboard; path = LaunchScreen.storyboard; sourceTree = "<group>"; };
		D2F3FEC42D723B0A00D60EAF /* SplashScreenView.swift */ = {isa = PBXFileReference; lastKnownFileType = sourcecode.swift; path = SplashScreenView.swift; sourceTree = "<group>"; };
		D2F3FEC62D723C0000D60EAF /* ColorExtension.swift */ = {isa = PBXFileReference; lastKnownFileType = sourcecode.swift; path = ColorExtension.swift; sourceTree = "<group>"; };
/* End PBXFileReference section */

/* Begin PBXFileSystemSynchronizedBuildFileExceptionSet section */
		D261D77A2CFCD9D20031A784 /* Exceptions for "Views" folder in "HoseoHappyDorm" target */ = {
			isa = PBXFileSystemSynchronizedBuildFileExceptionSet;
			membershipExceptions = (
				GoingOutView.swift,
				ImageZoomRepresentable.swift,
				MainView.swift,
				MenuView.swift,
				NoticeView.swift,
			);
			target = D261D71B2CFCD5360031A784 /* HoseoHappyDorm */;
		};
/* End PBXFileSystemSynchronizedBuildFileExceptionSet section */

/* Begin PBXFileSystemSynchronizedRootGroup section */
		D261D7692CFCD9D20031A784 /* Module */ = {
			isa = PBXFileSystemSynchronizedRootGroup;
			path = Module;
			sourceTree = "<group>";
		};
		D261D7712CFCD9D20031A784 /* Views */ = {
			isa = PBXFileSystemSynchronizedRootGroup;
			exceptions = (
				D261D77A2CFCD9D20031A784 /* Exceptions for "Views" folder in "HoseoHappyDorm" target */,
			);
			path = Views;
			sourceTree = "<group>";
		};
/* End PBXFileSystemSynchronizedRootGroup section */

/* Begin PBXFrameworksBuildPhase section */
		D261D7192CFCD5360031A784 /* Frameworks */ = {
			isa = PBXFrameworksBuildPhase;
			buildActionMask = 2147483647;
			files = (
				D261D75C2CFCD60D0031A784 /* Mantis in Frameworks */,
				D261D7592CFCD5FC0031A784 /* SDWebImageSwiftUI in Frameworks */,
				D261D7602CFCD7920031A784 /* SwiftSoup in Frameworks */,
			);
			runOnlyForDeploymentPostprocessing = 0;
		};
/* End PBXFrameworksBuildPhase section */

/* Begin PBXGroup section */
		D261D7132CFCD5360031A784 = {
			isa = PBXGroup;
			children = (
				D2F3FEC62D723C0000D60EAF /* ColorExtension.swift */,
				D2F3FEC42D723B0A00D60EAF /* SplashScreenView.swift */,
				D2F3FEC22D7239A500D60EAF /* LaunchScreen.storyboard */,
				D261D71D2CFCD5360031A784 /* Products */,
				D261D7692CFCD9D20031A784 /* Module */,
				D261D7712CFCD9D20031A784 /* Views */,
				D261D74C2CFCD59B0031A784 /* HoseoHappyDormApp.swift */,
				D261D7652CFCD9320031A784 /* Info.plist */,
				D2476F282CFEC7F900624A58 /* Assets.xcassets */,
				D2476F292CFEC7F900624A58 /* Preview Assets.xcassets */,
			);
			sourceTree = "<group>";
		};
		D261D71D2CFCD5360031A784 /* Products */ = {
			isa = PBXGroup;
			children = (
				D261D71C2CFCD5360031A784 /* HoseoHappyDorm.app */,
			);
			name = Products;
			sourceTree = "<group>";
		};
/* End PBXGroup section */

/* Begin PBXNativeTarget section */
		D261D71B2CFCD5360031A784 /* HoseoHappyDorm */ = {
			isa = PBXNativeTarget;
			buildConfigurationList = D261D72A2CFCD5370031A784 /* Build configuration list for PBXNativeTarget "HoseoHappyDorm" */;
			buildPhases = (
				D261D7182CFCD5360031A784 /* Sources */,
				D261D7192CFCD5360031A784 /* Frameworks */,
				D261D7612CFCD90E0031A784 /* Resources */,
			);
			buildRules = (
			);
			dependencies = (
			);
			fileSystemSynchronizedGroups = (
				D261D7692CFCD9D20031A784 /* Module */,
			);
			name = HoseoHappyDorm;
			packageProductDependencies = (
				D261D7582CFCD5FC0031A784 /* SDWebImageSwiftUI */,
				D261D75B2CFCD60D0031A784 /* Mantis */,
				D261D75F2CFCD7920031A784 /* SwiftSoup */,
			);
			productName = HoseoHappyDorm;
			productReference = D261D71C2CFCD5360031A784 /* HoseoHappyDorm.app */;
			productType = "com.apple.product-type.application";
		};
/* End PBXNativeTarget section */

/* Begin PBXProject section */
		D261D7142CFCD5360031A784 /* Project object */ = {
			isa = PBXProject;
			attributes = {
				BuildIndependentTargetsInParallel = 1;
				LastSwiftUpdateCheck = 1610;
				LastUpgradeCheck = 1610;
				TargetAttributes = {
					D261D71B2CFCD5360031A784 = {
						CreatedOnToolsVersion = 16.1;
					};
				};
			};
			buildConfigurationList = D261D7172CFCD5360031A784 /* Build configuration list for PBXProject "HoseoHappyDorm" */;
			developmentRegion = ko;
			hasScannedForEncodings = 0;
			knownRegions = (
				Base,
				ko,
			);
			mainGroup = D261D7132CFCD5360031A784;
			minimizedProjectReferenceProxies = 1;
			packageReferences = (
				D261D7572CFCD5FC0031A784 /* XCRemoteSwiftPackageReference "SDWebImageSwiftUI" */,
				D261D75A2CFCD60D0031A784 /* XCRemoteSwiftPackageReference "Mantis" */,
				D261D75E2CFCD7920031A784 /* XCRemoteSwiftPackageReference "SwiftSoup" */,
			);
			preferredProjectObjectVersion = 77;
			productRefGroup = D261D71D2CFCD5360031A784 /* Products */;
			projectDirPath = "";
			projectRoot = "";
			targets = (
				D261D71B2CFCD5360031A784 /* HoseoHappyDorm */,
			);
		};
/* End PBXProject section */

/* Begin PBXResourcesBuildPhase section */
		D261D7612CFCD90E0031A784 /* Resources */ = {
			isa = PBXResourcesBuildPhase;
			buildActionMask = 2147483647;
			files = (
				D2F3FEC32D7239A500D60EAF /* LaunchScreen.storyboard in Resources */,
				D2476F3F2CFEE66100624A58 /* Assets.xcassets in Resources */,
				D2476F402CFEE66100624A58 /* Preview Assets.xcassets in Resources */,
			);
			runOnlyForDeploymentPostprocessing = 0;
		};
/* End PBXResourcesBuildPhase section */

/* Begin PBXSourcesBuildPhase section */
		D261D7182CFCD5360031A784 /* Sources */ = {
			isa = PBXSourcesBuildPhase;
			buildActionMask = 2147483647;
			files = (
				D261D7552CFCD59B0031A784 /* HoseoHappyDormApp.swift in Sources */,
				D2F3FEC72D723C0D00D60EAF /* ColorExtension.swift in Sources */,
				D2F3FEC52D723B0C00D60EAF /* SplashScreenView.swift in Sources */,
			);
			runOnlyForDeploymentPostprocessing = 0;
		};
/* End PBXSourcesBuildPhase section */

/* Begin XCBuildConfiguration section */
		D261D7282CFCD5370031A784 /* Debug */ = {
			isa = XCBuildConfiguration;
			buildSettings = {
				ALWAYS_SEARCH_USER_PATHS = NO;
				ASSETCATALOG_COMPILER_GENERATE_SWIFT_ASSET_SYMBOL_EXTENSIONS = YES;
				CLANG_ANALYZER_NONNULL = YES;
				CLANG_ANALYZER_NUMBER_OBJECT_CONVERSION = YES_AGGRESSIVE;
				CLANG_CXX_LANGUAGE_STANDARD = "gnu++20";
				CLANG_ENABLE_MODULES = YES;
				CLANG_ENABLE_OBJC_ARC = YES;
				CLANG_ENABLE_OBJC_WEAK = YES;
				CLANG_WARN_BLOCK_CAPTURE_AUTORELEASING = YES;
				CLANG_WARN_BOOL_CONVERSION = YES;
				CLANG_WARN_COMMA = YES;
				CLANG_WARN_CONSTANT_CONVERSION = YES;
				CLANG_WARN_DEPRECATED_OBJC_IMPLEMENTATIONS = YES;
				CLANG_WARN_DIRECT_OBJC_ISA_USAGE = YES_ERROR;
				CLANG_WARN_DOCUMENTATION_COMMENTS = YES;
				CLANG_WARN_EMPTY_BODY = YES;
				CLANG_WARN_ENUM_CONVERSION = YES;
				CLANG_WARN_INFINITE_RECURSION = YES;
				CLANG_WARN_INT_CONVERSION = YES;
				CLANG_WARN_NON_LITERAL_NULL_CONVERSION = YES;
				CLANG_WARN_OBJC_IMPLICIT_RETAIN_SELF = YES;
				CLANG_WARN_OBJC_LITERAL_CONVERSION = YES;
				CLANG_WARN_OBJC_ROOT_CLASS = YES_ERROR;
				CLANG_WARN_QUOTED_INCLUDE_IN_FRAMEWORK_HEADER = YES;
				CLANG_WARN_RANGE_LOOP_ANALYSIS = YES;
				CLANG_WARN_STRICT_PROTOTYPES = YES;
				CLANG_WARN_SUSPICIOUS_MOVE = YES;
				CLANG_WARN_UNGUARDED_AVAILABILITY = YES_AGGRESSIVE;
				CLANG_WARN_UNREACHABLE_CODE = YES;
				CLANG_WARN__DUPLICATE_METHOD_MATCH = YES;
				COPY_PHASE_STRIP = NO;
				DEBUG_INFORMATION_FORMAT = dwarf;
				ENABLE_STRICT_OBJC_MSGSEND = YES;
				ENABLE_TESTABILITY = YES;
				ENABLE_USER_SCRIPT_SANDBOXING = YES;
				GCC_C_LANGUAGE_STANDARD = gnu17;
				GCC_DYNAMIC_NO_PIC = NO;
				GCC_NO_COMMON_BLOCKS = YES;
				GCC_OPTIMIZATION_LEVEL = 0;
				GCC_PREPROCESSOR_DEFINITIONS = (
					"DEBUG=1",
					"$(inherited)",
				);
				GCC_WARN_64_TO_32_BIT_CONVERSION = YES;
				GCC_WARN_ABOUT_RETURN_TYPE = YES_ERROR;
				GCC_WARN_UNDECLARED_SELECTOR = YES;
				GCC_WARN_UNINITIALIZED_AUTOS = YES_AGGRESSIVE;
				GCC_WARN_UNUSED_FUNCTION = YES;
				GCC_WARN_UNUSED_VARIABLE = YES;
				IPHONEOS_DEPLOYMENT_TARGET = 18.1;
				LOCALIZATION_PREFERS_STRING_CATALOGS = YES;
				MTL_ENABLE_DEBUG_INFO = INCLUDE_SOURCE;
				MTL_FAST_MATH = YES;
				ONLY_ACTIVE_ARCH = YES;
				SDKROOT = iphoneos;
				SWIFT_ACTIVE_COMPILATION_CONDITIONS = "DEBUG $(inherited)";
				SWIFT_OPTIMIZATION_LEVEL = "-Onone";
			};
			name = Debug;
		};
		D261D7292CFCD5370031A784 /* Release */ = {
			isa = XCBuildConfiguration;
			buildSettings = {
				ALWAYS_SEARCH_USER_PATHS = NO;
				ASSETCATALOG_COMPILER_GENERATE_SWIFT_ASSET_SYMBOL_EXTENSIONS = YES;
				CLANG_ANALYZER_NONNULL = YES;
				CLANG_ANALYZER_NUMBER_OBJECT_CONVERSION = YES_AGGRESSIVE;
				CLANG_CXX_LANGUAGE_STANDARD = "gnu++20";
				CLANG_ENABLE_MODULES = YES;
				CLANG_ENABLE_OBJC_ARC = YES;
				CLANG_ENABLE_OBJC_WEAK = YES;
				CLANG_WARN_BLOCK_CAPTURE_AUTORELEASING = YES;
				CLANG_WARN_BOOL_CONVERSION = YES;
				CLANG_WARN_COMMA = YES;
				CLANG_WARN_CONSTANT_CONVERSION = YES;
				CLANG_WARN_DEPRECATED_OBJC_IMPLEMENTATIONS = YES;
				CLANG_WARN_DIRECT_OBJC_ISA_USAGE = YES_ERROR;
				CLANG_WARN_DOCUMENTATION_COMMENTS = YES;
				CLANG_WARN_EMPTY_BODY = YES;
				CLANG_WARN_ENUM_CONVERSION = YES;
				CLANG_WARN_INFINITE_RECURSION = YES;
				CLANG_WARN_INT_CONVERSION = YES;
				CLANG_WARN_NON_LITERAL_NULL_CONVERSION = YES;
				CLANG_WARN_OBJC_IMPLICIT_RETAIN_SELF = YES;
				CLANG_WARN_OBJC_LITERAL_CONVERSION = YES;
				CLANG_WARN_OBJC_ROOT_CLASS = YES_ERROR;
				CLANG_WARN_QUOTED_INCLUDE_IN_FRAMEWORK_HEADER = YES;
				CLANG_WARN_RANGE_LOOP_ANALYSIS = YES;
				CLANG_WARN_STRICT_PROTOTYPES = YES;
				CLANG_WARN_SUSPICIOUS_MOVE = YES;
				CLANG_WARN_UNGUARDED_AVAILABILITY = YES_AGGRESSIVE;
				CLANG_WARN_UNREACHABLE_CODE = YES;
				CLANG_WARN__DUPLICATE_METHOD_MATCH = YES;
				COPY_PHASE_STRIP = NO;
				DEBUG_INFORMATION_FORMAT = "dwarf-with-dsym";
				ENABLE_NS_ASSERTIONS = NO;
				ENABLE_STRICT_OBJC_MSGSEND = YES;
				ENABLE_USER_SCRIPT_SANDBOXING = YES;
				GCC_C_LANGUAGE_STANDARD = gnu17;
				GCC_NO_COMMON_BLOCKS = YES;
				GCC_WARN_64_TO_32_BIT_CONVERSION = YES;
				GCC_WARN_ABOUT_RETURN_TYPE = YES_ERROR;
				GCC_WARN_UNDECLARED_SELECTOR = YES;
				GCC_WARN_UNINITIALIZED_AUTOS = YES_AGGRESSIVE;
				GCC_WARN_UNUSED_FUNCTION = YES;
				GCC_WARN_UNUSED_VARIABLE = YES;
				IPHONEOS_DEPLOYMENT_TARGET = 18.1;
				LOCALIZATION_PREFERS_STRING_CATALOGS = YES;
				MTL_ENABLE_DEBUG_INFO = NO;
				MTL_FAST_MATH = YES;
				SDKROOT = iphoneos;
				SWIFT_COMPILATION_MODE = wholemodule;
				VALIDATE_PRODUCT = YES;
			};
			name = Release;
		};
		D261D72B2CFCD5370031A784 /* Debug */ = {
			isa = XCBuildConfiguration;
			buildSettings = {
				ASSETCATALOG_COMPILER_APPICON_NAME = AppIcon;
				ASSETCATALOG_COMPILER_GLOBAL_ACCENT_COLOR_NAME = AccentColor;
				ASSETCATALOG_COMPILER_INCLUDE_ALL_APPICON_ASSETS = NO;
				CODE_SIGN_STYLE = Automatic;
				CURRENT_PROJECT_VERSION = 250302171;
				DEVELOPMENT_ASSET_PATHS = "";
				DEVELOPMENT_TEAM = 7NNWCL6Q63;
				ENABLE_PREVIEWS = YES;
				GENERATE_INFOPLIST_FILE = YES;
				INFOPLIST_FILE = "$(SRCROOT)/Info.plist";
				INFOPLIST_KEY_CFBundleDisplayName = "행복기숙사";
				INFOPLIST_KEY_LSApplicationCategoryType = "public.app-category.lifestyle";
				INFOPLIST_KEY_UIApplicationSceneManifest_Generation = YES;
				INFOPLIST_KEY_UIApplicationSupportsIndirectInputEvents = YES;
				INFOPLIST_KEY_UILaunchScreen_Generation = YES;
				INFOPLIST_KEY_UILaunchStoryboardName = LaunchScreen;
				INFOPLIST_KEY_UIStatusBarStyle = "";
				INFOPLIST_KEY_UISupportedInterfaceOrientations = UIInterfaceOrientationPortrait;
				IPHONEOS_DEPLOYMENT_TARGET = 17.6;
				LD_RUNPATH_SEARCH_PATHS = (
					"$(inherited)",
					"@executable_path/Frameworks",
				);
				MARKETING_VERSION = 1.7.1;
				PRODUCT_BUNDLE_IDENTIFIER = com.gbnam.HoseoHappyDorm;
				PRODUCT_NAME = "$(TARGET_NAME)";
				SUPPORTED_PLATFORMS = "iphoneos iphonesimulator";
				SUPPORTS_MACCATALYST = NO;
				SUPPORTS_MAC_DESIGNED_FOR_IPHONE_IPAD = NO;
				SUPPORTS_XR_DESIGNED_FOR_IPHONE_IPAD = NO;
				SWIFT_EMIT_LOC_STRINGS = YES;
				SWIFT_VERSION = 5.0;
				TARGETED_DEVICE_FAMILY = "1,2";
			};
			name = Debug;
		};
		D261D72C2CFCD5370031A784 /* Release */ = {
			isa = XCBuildConfiguration;
			buildSettings = {
				ASSETCATALOG_COMPILER_APPICON_NAME = AppIcon;
				ASSETCATALOG_COMPILER_GLOBAL_ACCENT_COLOR_NAME = AccentColor;
				ASSETCATALOG_COMPILER_INCLUDE_ALL_APPICON_ASSETS = NO;
				CODE_SIGN_STYLE = Automatic;
				CURRENT_PROJECT_VERSION = 250302171;
				DEVELOPMENT_ASSET_PATHS = "";
				DEVELOPMENT_TEAM = 7NNWCL6Q63;
				ENABLE_PREVIEWS = YES;
				GENERATE_INFOPLIST_FILE = YES;
				INFOPLIST_FILE = "$(SRCROOT)/Info.plist";
				INFOPLIST_KEY_CFBundleDisplayName = "행복기숙사";
				INFOPLIST_KEY_LSApplicationCategoryType = "public.app-category.lifestyle";
				INFOPLIST_KEY_UIApplicationSceneManifest_Generation = YES;
				INFOPLIST_KEY_UIApplicationSupportsIndirectInputEvents = YES;
				INFOPLIST_KEY_UILaunchScreen_Generation = YES;
				INFOPLIST_KEY_UILaunchStoryboardName = LaunchScreen;
				INFOPLIST_KEY_UIStatusBarStyle = "";
				INFOPLIST_KEY_UISupportedInterfaceOrientations = UIInterfaceOrientationPortrait;
				IPHONEOS_DEPLOYMENT_TARGET = 17.6;
				LD_RUNPATH_SEARCH_PATHS = (
					"$(inherited)",
					"@executable_path/Frameworks",
				);
				MARKETING_VERSION = 1.7.1;
				PRODUCT_BUNDLE_IDENTIFIER = com.gbnam.HoseoHappyDorm;
				PRODUCT_NAME = "$(TARGET_NAME)";
				SUPPORTED_PLATFORMS = "iphoneos iphonesimulator";
				SUPPORTS_MACCATALYST = NO;
				SUPPORTS_MAC_DESIGNED_FOR_IPHONE_IPAD = NO;
				SUPPORTS_XR_DESIGNED_FOR_IPHONE_IPAD = NO;
				SWIFT_EMIT_LOC_STRINGS = YES;
				SWIFT_VERSION = 5.0;
				TARGETED_DEVICE_FAMILY = "1,2";
			};
			name = Release;
		};
/* End XCBuildConfiguration section */

/* Begin XCConfigurationList section */
		D261D7172CFCD5360031A784 /* Build configuration list for PBXProject "HoseoHappyDorm" */ = {
			isa = XCConfigurationList;
			buildConfigurations = (
				D261D7282CFCD5370031A784 /* Debug */,
				D261D7292CFCD5370031A784 /* Release */,
			);
			defaultConfigurationIsVisible = 0;
			defaultConfigurationName = Release;
		};
		D261D72A2CFCD5370031A784 /* Build configuration list for PBXNativeTarget "HoseoHappyDorm" */ = {
			isa = XCConfigurationList;
			buildConfigurations = (
				D261D72B2CFCD5370031A784 /* Debug */,
				D261D72C2CFCD5370031A784 /* Release */,
			);
			defaultConfigurationIsVisible = 0;
			defaultConfigurationName = Release;
		};
/* End XCConfigurationList section */

/* Begin XCRemoteSwiftPackageReference section */
		D261D7572CFCD5FC0031A784 /* XCRemoteSwiftPackageReference "SDWebImageSwiftUI" */ = {
			isa = XCRemoteSwiftPackageReference;
			repositoryURL = "https://github.com/SDWebImage/SDWebImageSwiftUI";
			requirement = {
				kind = upToNextMajorVersion;
				minimumVersion = 3.1.3;
			};
		};
		D261D75A2CFCD60D0031A784 /* XCRemoteSwiftPackageReference "Mantis" */ = {
			isa = XCRemoteSwiftPackageReference;
			repositoryURL = "https://github.com/guoyingtao/Mantis";
			requirement = {
				kind = upToNextMajorVersion;
				minimumVersion = 1.7.5;
			};
		};
		D261D75E2CFCD7920031A784 /* XCRemoteSwiftPackageReference "SwiftSoup" */ = {
			isa = XCRemoteSwiftPackageReference;
			repositoryURL = "https://github.com/scinfu/SwiftSoup";
			requirement = {
				kind = upToNextMajorVersion;
				minimumVersion = 2.7.6;
			};
		};
/* End XCRemoteSwiftPackageReference section */

/* Begin XCSwiftPackageProductDependency section */
		D261D7582CFCD5FC0031A784 /* SDWebImageSwiftUI */ = {
			isa = XCSwiftPackageProductDependency;
			package = D261D7572CFCD5FC0031A784 /* XCRemoteSwiftPackageReference "SDWebImageSwiftUI" */;
			productName = SDWebImageSwiftUI;
		};
		D261D75B2CFCD60D0031A784 /* Mantis */ = {
			isa = XCSwiftPackageProductDependency;
			package = D261D75A2CFCD60D0031A784 /* XCRemoteSwiftPackageReference "Mantis" */;
			productName = Mantis;
		};
		D261D75F2CFCD7920031A784 /* SwiftSoup */ = {
			isa = XCSwiftPackageProductDependency;
			package = D261D75E2CFCD7920031A784 /* XCRemoteSwiftPackageReference "SwiftSoup" */;
			productName = SwiftSoup;
		};
/* End XCSwiftPackageProductDependency section */
	};
	rootObject = D261D7142CFCD5360031A784 /* Project object */;
}
